github.com/anthonynsimon/bild v0.14.0 h1:IFRkmKdNdqmexXHfEU7rPlAmdUZ8BDZEGtGHDnGWync=
github.com/anthonynsimon/bild v0.14.0/go.mod h1:hcvEAyBjTW69qkKJTfpcDQ83sSZHxwOunsseDfeQhUs=
github.com/siravan/fits v0.0.0-20140212211533-ab9b19d2265a h1:Cb1jjVeDaZxy4WRQk4UAeqxfNl/iNsXa1LEfJnH8P98=
github.com/siravan/fits v0.0.0-20140212211533-ab9b19d2265a/go.mod h1:CSo4TAZzP0wJKYK0EHfNgYWdC2m3IWCL2MajZpNN+U4=
golang.org/x/image v0.18.0 h1:jGzIakQa/ZXI1I0Fxvaa9W7yP25TqT6cHIHn+6CqvSQ=
golang.org/x/image v0.18.0/go.mod h1:4yyo5vMFQjVjUcVk4jEQcU9MGy/rulF5WvUILseCM2E=
